
Microsoft Visual Studio Solution File, Format Version 12.00
# Visual Studio Version 17
VisualStudioVersion = 17.6.33829.357
MinimumVisualStudioVersion = 10.0.40219.1
Project("{FAE04EC0-301F-11D3-BF4B-00C04F79EFBC}") = "BulkyBook.Web", "BulkyBook.Web\BulkyBook.Web.csproj", "{94666E1A-5142-4361-A12E-9F4D3B9FCDA5}"
EndProject
Global
	GlobalSection(SolutionConfigurationPlatforms) = preSolution
		Debug|Any CPU = Debug|Any CPU
		Release|Any CPU = Release|Any CPU
	EndGlobalSection
	GlobalSection(ProjectConfigurationPlatforms) = postSolution
		{94666E1A-5142-4361-A12E-9F4D3B9FCDA5}.Debug|Any CPU.ActiveCfg = Debug|Any CPU
		{94666E1A-5142-4361-A12E-9F4D3B9FCDA5}.Debug|Any CPU.Build.0 = Debug|Any CPU
		{94666E1A-5142-4361-A12E-9F4D3B9FCDA5}.Release|Any CPU.ActiveCfg = Release|Any CPU
		{94666E1A-5142-4361-A12E-9F4D3B9FCDA5}.Release|Any CPU.Build.0 = Release|Any CPU
	EndGlobalSection
	GlobalSection(SolutionProperties) = preSolution
		HideSolutionNode = FALSE
	EndGlobalSection
	GlobalSection(ExtensibilityGlobals) = postSolution
		SolutionGuid = {55C13CB3-AF09-4E2D-B6BD-B6F5AE1239F4}
	EndGlobalSection
EndGlobal
